Microsoft Visual Studio Solution File, Format Version 12.00
# Visual Studio 2012
Project("{FAE04EC0-301F-11D3-BF4B-00C04F79EFBC}") = "Psychopomp Resource Pack", "Psychopomp Resource Pack.csproj", "{BEE26FC1-E2F9-4EF7-80D7-6A02E36FBCCF}"
EndProject
Global
	GlobalSection(SolutionConfigurationPlatforms) = preSolution
	Debug|Any CPU = Debug|Any CPU
	ExportDebug|Any CPU = ExportDebug|Any CPU
	ExportRelease|Any CPU = ExportRelease|Any CPU
	EndGlobalSection
	GlobalSection(ProjectConfigurationPlatforms) = postSolution
		{BEE26FC1-E2F9-4EF7-80D7-6A02E36FBCCF}.Debug|Any CPU.ActiveCfg = Debug|Any CPU
		{BEE26FC1-E2F9-4EF7-80D7-6A02E36FBCCF}.Debug|Any CPU.Build.0 = Debug|Any CPU
		{BEE26FC1-E2F9-4EF7-80D7-6A02E36FBCCF}.ExportDebug|Any CPU.ActiveCfg = ExportDebug|Any CPU
		{BEE26FC1-E2F9-4EF7-80D7-6A02E36FBCCF}.ExportDebug|Any CPU.Build.0 = ExportDebug|Any CPU
		{BEE26FC1-E2F9-4EF7-80D7-6A02E36FBCCF}.ExportRelease|Any CPU.ActiveCfg = ExportRelease|Any CPU
		{BEE26FC1-E2F9-4EF7-80D7-6A02E36FBCCF}.ExportRelease|Any CPU.Build.0 = ExportRelease|Any CPU
	EndGlobalSection
EndGlobal
